// !$*UTF8*$!
{
	archiveVersion = 1;
	classes = {
	};
	objectVersion = 46;
	objects = {

/* Begin PBXBuildFile section */
		3A8803EF182F0C5600EE0E52 /* GCDAsyncSocket.m in Sources */ = {isa = PBXBuildFile; fileRef = 3A8803B3182F0C5600EE0E52 /* GCDAsyncSocket.m */; };
		3A8803F0182F0C5600EE0E52 /* DDData.m in Sources */ = {isa = PBXBuildFile; fileRef = 3A8803B7182F0C5600EE0E52 /* DDData.m */; };
		3A8803F1182F0C5600EE0E52 /* DDNumber.m in Sources */ = {isa = PBXBuildFile; fileRef = 3A8803B9182F0C5600EE0E52 /* DDNumber.m */; };
		3A8803F2182F0C5600EE0E52 /* DDRange.m in Sources */ = {isa = PBXBuildFile; fileRef = 3A8803BB182F0C5600EE0E52 /* DDRange.m */; };
		3A8803F3182F0C5600EE0E52 /* HTTPAuthenticationRequest.m in Sources */ = {isa = PBXBuildFile; fileRef = 3A8803BD182F0C5600EE0E52 /* HTTPAuthenticationRequest.m */; };
		3A8803F4182F0C5600EE0E52 /* HTTPConnection.m in Sources */ = {isa = PBXBuildFile; fileRef = 3A8803BF182F0C5600EE0E52 /* HTTPConnection.m */; };
		3A8803F5182F0C5600EE0E52 /* HTTPMessage.m in Sources */ = {isa = PBXBuildFile; fileRef = 3A8803C2182F0C5600EE0E52 /* HTTPMessage.m */; };
		3A8803F6182F0C5600EE0E52 /* HTTPServer.m in Sources */ = {isa = PBXBuildFile; fileRef = 3A8803C5182F0C5600EE0E52 /* HTTPServer.m */; };
		3A8803F7182F0C5600EE0E52 /* MultipartFormDataParser.m in Sources */ = {isa = PBXBuildFile; fileRef = 3A8803C8182F0C5600EE0E52 /* MultipartFormDataParser.m */; };
		3A8803F8182F0C5600EE0E52 /* MultipartMessageHeader.m in Sources */ = {isa = PBXBuildFile; fileRef = 3A8803CA182F0C5600EE0E52 /* MultipartMessageHeader.m */; };
		3A8803F9182F0C5600EE0E52 /* MultipartMessageHeaderField.m in Sources */ = {isa = PBXBuildFile; fileRef = 3A8803CC182F0C5600EE0E52 /* MultipartMessageHeaderField.m */; };
		3A8803FA182F0C5600EE0E52 /* HTTPAsyncFileResponse.m in Sources */ = {isa = PBXBuildFile; fileRef = 3A8803CF182F0C5600EE0E52 /* HTTPAsyncFileResponse.m */; };
		3A8803FB182F0C5600EE0E52 /* HTTPDataResponse.m in Sources */ = {isa = PBXBuildFile; fileRef = 3A8803D1182F0C5600EE0E52 /* HTTPDataResponse.m */; };
		3A8803FC182F0C5600EE0E52 /* HTTPDynamicFileResponse.m in Sources */ = {isa = PBXBuildFile; fileRef = 3A8803D3182F0C5600EE0E52 /* HTTPDynamicFileResponse.m */; };
		3A8803FD182F0C5600EE0E52 /* HTTPErrorResponse.m in Sources */ = {isa = PBXBuildFile; fileRef = 3A8803D5182F0C5600EE0E52 /* HTTPErrorResponse.m */; };
		3A8803FE182F0C5600EE0E52 /* HTTPFileResponse.m in Sources */ = {isa = PBXBuildFile; fileRef = 3A8803D7182F0C5600EE0E52 /* HTTPFileResponse.m */; };
		3A8803FF182F0C5600EE0E52 /* HTTPRedirectResponse.m in Sources */ = {isa = PBXBuildFile; fileRef = 3A8803D9182F0C5600EE0E52 /* HTTPRedirectResponse.m */; };
		3A880400182F0C5600EE0E52 /* WebSocket.m in Sources */ = {isa = PBXBuildFile; fileRef = 3A8803DB182F0C5600EE0E52 /* WebSocket.m */; };
		3A880402182F0C5600EE0E52 /* DDAbstractDatabaseLogger.m in Sources */ = {isa = PBXBuildFile; fileRef = 3A8803DF182F0C5600EE0E52 /* DDAbstractDatabaseLogger.m */; };
		3A880407182F0C5600EE0E52 /* ContextFilterLogFormatter.m in Sources */ = {isa = PBXBuildFile; fileRef = 3A8803EA182F0C5600EE0E52 /* ContextFilterLogFormatter.m */; };
		3A880408182F0C5600EE0E52 /* DispatchQueueLogFormatter.m in Sources */ = {isa = PBXBuildFile; fileRef = 3A8803EC182F0C5600EE0E52 /* DispatchQueueLogFormatter.m */; };
		3A880409182F0C5600EE0E52 /* README.txt in Resources */ = {isa = PBXBuildFile; fileRef = 3A8803ED182F0C5600EE0E52 /* README.txt */; };
		3A88040B182F0C9800EE0E52 /* CFNetwork.framework in Frameworks */ = {isa = PBXBuildFile; fileRef = 3A88040A182F0C9800EE0E52 /* CFNetwork.framework */; };
		3A88040D182F0D2200EE0E52 /* Security.framework in Frameworks */ = {isa = PBXBuildFile; fileRef = 3A88040C182F0D2200EE0E52 /* Security.framework */; };
		3A880410182F0F9700EE0E52 /* MyHTTPConnection.m in Sources */ = {isa = PBXBuildFile; fileRef = 3A88040F182F0F9700EE0E52 /* MyHTTPConnection.m */; };
		3A905F70182FD974000E01A5 /* DDASLLogger.m in Sources */ = {isa = PBXBuildFile; fileRef = 3A8803E1182F0C5600EE0E52 /* DDASLLogger.m */; };
		3A905F71182FD97A000E01A5 /* DDFileLogger.m in Sources */ = {isa = PBXBuildFile; fileRef = 3A8803E3182F0C5600EE0E52 /* DDFileLogger.m */; };
		3A905F72182FD97D000E01A5 /* DDLog.m in Sources */ = {isa = PBXBuildFile; fileRef = 3A8803E5182F0C5600EE0E52 /* DDLog.m */; };
		3A905F73182FD980000E01A5 /* DDTTYLogger.m in Sources */ = {isa = PBXBuildFile; fileRef = 3A8803E7182F0C5600EE0E52 /* DDTTYLogger.m */; };
		3A905F771830155A000E01A5 /* Media.xcassets in Resources */ = {isa = PBXBuildFile; fileRef = 3A905F761830155A000E01A5 /* Media.xcassets */; };
		3AB888A8179A878E00D1BD1C /* UIKit.framework in Frameworks */ = {isa = PBXBuildFile; fileRef = 3AB888A7179A878E00D1BD1C /* UIKit.framework */; };
		3AB888AA179A878E00D1BD1C /* Foundation.framework in Frameworks */ = {isa = PBXBuildFile; fileRef = 3AB888A9179A878E00D1BD1C /* Foundation.framework */; };
		3AB888AC179A878E00D1BD1C /* CoreGraphics.framework in Frameworks */ = {isa = PBXBuildFile; fileRef = 3AB888AB179A878E00D1BD1C /* CoreGraphics.framework */; };
		3AB888B2179A878E00D1BD1C /* InfoPlist.strings in Resources */ = {isa = PBXBuildFile; fileRef = 3AB888B0179A878E00D1BD1C /* InfoPlist.strings */; };
		3AB888B4179A878E00D1BD1C /* main.m in Sources */ = {isa = PBXBuildFile; fileRef = 3AB888B3179A878E00D1BD1C /* main.m */; };
		3AB888B8179A878E00D1BD1C /* AppDelegate.m in Sources */ = {isa = PBXBuildFile; fileRef = 3AB888B7179A878E00D1BD1C /* AppDelegate.m */; };
		3AB888BA179A878E00D1BD1C /* Default.png in Resources */ = {isa = PBXBuildFile; fileRef = 3AB888B9179A878E00D1BD1C /* Default.png */; };
		3AB888BC179A878E00D1BD1C /* Default@2x.png in Resources */ = {isa = PBXBuildFile; fileRef = 3AB888BB179A878E00D1BD1C /* Default@2x.png */; };
		3AB888BE179A878E00D1BD1C /* Default-568h@2x.png in Resources */ = {isa = PBXBuildFile; fileRef = 3AB888BD179A878E00D1BD1C /* Default-568h@2x.png */; };
		3AB888C1179A878E00D1BD1C /* ViewController.m in Sources */ = {isa = PBXBuildFile; fileRef = 3AB888C0179A878E00D1BD1C /* ViewController.m */; };
		3AB888C4179A878E00D1BD1C /* ViewController.xib in Resources */ = {isa = PBXBuildFile; fileRef = 3AB888C2179A878E00D1BD1C /* ViewController.xib */; };
		3AB888D3179A8BC300D1BD1C /* libz.dylib in Frameworks */ = {isa = PBXBuildFile; fileRef = 3AB888D2179A8BC300D1BD1C /* libz.dylib */; };
		3AB888DB179AC0DC00D1BD1C /* pebble_watchblack.png in Resources */ = {isa = PBXBuildFile; fileRef = 3AB888DA179AC0DC00D1BD1C /* pebble_watchblack.png */; };
/* End PBXBuildFile section */

/* Begin PBXFileReference section */
		3A8803B1182F0C5600EE0E52 /* About.txt */ = {isa = PBXFileReference; fileEncoding = 4; lastKnownFileType = text; path = About.txt; sourceTree = "<group>"; };
		3A8803B2182F0C5600EE0E52 /* GCDAsyncSocket.h */ = {isa = PBXFileReference; fileEncoding = 4; lastKnownFileType = sourcecode.c.h; path = GCDAsyncSocket.h; sourceTree = "<group>"; };
		3A8803B3182F0C5600EE0E52 /* GCDAsyncSocket.m */ = {isa = PBXFileReference; fileEncoding = 4; lastKnownFileType = sourcecode.c.objc; path = GCDAsyncSocket.m; sourceTree = "<group>"; };
		3A8803B6182F0C5600EE0E52 /* DDData.h */ = {isa = PBXFileReference; fileEncoding = 4; lastKnownFileType = sourcecode.c.h; path = DDData.h; sourceTree = "<group>"; };
		3A8803B7182F0C5600EE0E52 /* DDData.m */ = {isa = PBXFileReference; fileEncoding = 4; lastKnownFileType = sourcecode.c.objc; path = DDData.m; sourceTree = "<group>"; };
		3A8803B8182F0C5600EE0E52 /* DDNumber.h */ = {isa = PBXFileReference; fileEncoding = 4; lastKnownFileType = sourcecode.c.h; path = DDNumber.h; sourceTree = "<group>"; };
		3A8803B9182F0C5600EE0E52 /* DDNumber.m */ = {isa = PBXFileReference; fileEncoding = 4; lastKnownFileType = sourcecode.c.objc; path = DDNumber.m; sourceTree = "<group>"; };
		3A8803BA182F0C5600EE0E52 /* DDRange.h */ = {isa = PBXFileReference; fileEncoding = 4; lastKnownFileType = sourcecode.c.h; path = DDRange.h; sourceTree = "<group>"; };
		3A8803BB182F0C5600EE0E52 /* DDRange.m */ = {isa = PBXFileReference; fileEncoding = 4; lastKnownFileType = sourcecode.c.objc; path = DDRange.m; sourceTree = "<group>"; };
		3A8803BC182F0C5600EE0E52 /* HTTPAuthenticationRequest.h */ = {isa = PBXFileReference; fileEncoding = 4; lastKnownFileType = sourcecode.c.h; path = HTTPAuthenticationRequest.h; sourceTree = "<group>"; };
		3A8803BD182F0C5600EE0E52 /* HTTPAuthenticationRequest.m */ = {isa = PBXFileReference; fileEncoding = 4; lastKnownFileType = sourcecode.c.objc; path = HTTPAuthenticationRequest.m; sourceTree = "<group>"; };
		3A8803BE182F0C5600EE0E52 /* HTTPConnection.h */ = {isa = PBXFileReference; fileEncoding = 4; lastKnownFileType = sourcecode.c.h; path = HTTPConnection.h; sourceTree = "<group>"; };
		3A8803BF182F0C5600EE0E52 /* HTTPConnection.m */ = {isa = PBXFileReference; fileEncoding = 4; lastKnownFileType = sourcecode.c.objc; path = HTTPConnection.m; sourceTree = "<group>"; };
		3A8803C0182F0C5600EE0E52 /* HTTPLogging.h */ = {isa = PBXFileReference; fileEncoding = 4; lastKnownFileType = sourcecode.c.h; path = HTTPLogging.h; sourceTree = "<group>"; };
		3A8803C1182F0C5600EE0E52 /* HTTPMessage.h */ = {isa = PBXFileReference; fileEncoding = 4; lastKnownFileType = sourcecode.c.h; path = HTTPMessage.h; sourceTree = "<group>"; };
		3A8803C2182F0C5600EE0E52 /* HTTPMessage.m */ = {isa = PBXFileReference; fileEncoding = 4; lastKnownFileType = sourcecode.c.objc; path = HTTPMessage.m; sourceTree = "<group>"; };
		3A8803C3182F0C5600EE0E52 /* HTTPResponse.h */ = {isa = PBXFileReference; fileEncoding = 4; lastKnownFileType = sourcecode.c.h; path = HTTPResponse.h; sourceTree = "<group>"; };
		3A8803C4182F0C5600EE0E52 /* HTTPServer.h */ = {isa = PBXFileReference; fileEncoding = 4; lastKnownFileType = sourcecode.c.h; path = HTTPServer.h; sourceTree = "<group>"; };
		3A8803C5182F0C5600EE0E52 /* HTTPServer.m */ = {isa = PBXFileReference; fileEncoding = 4; lastKnownFileType = sourcecode.c.objc; path = HTTPServer.m; sourceTree = "<group>"; };
		3A8803C7182F0C5600EE0E52 /* MultipartFormDataParser.h */ = {isa = PBXFileReference; fileEncoding = 4; lastKnownFileType = sourcecode.c.h; path = MultipartFormDataParser.h; sourceTree = "<group>"; };
		3A8803C8182F0C5600EE0E52 /* MultipartFormDataParser.m */ = {isa = PBXFileReference; fileEncoding = 4; lastKnownFileType = sourcecode.c.objc; path = MultipartFormDataParser.m; sourceTree = "<group>"; };
		3A8803C9182F0C5600EE0E52 /* MultipartMessageHeader.h */ = {isa = PBXFileReference; fileEncoding = 4; lastKnownFileType = sourcecode.c.h; path = MultipartMessageHeader.h; sourceTree = "<group>"; };
		3A8803CA182F0C5600EE0E52 /* MultipartMessageHeader.m */ = {isa = PBXFileReference; fileEncoding = 4; lastKnownFileType = sourcecode.c.objc; path = MultipartMessageHeader.m; sourceTree = "<group>"; };
		3A8803CB182F0C5600EE0E52 /* MultipartMessageHeaderField.h */ = {isa = PBXFileReference; fileEncoding = 4; lastKnownFileType = sourcecode.c.h; path = MultipartMessageHeaderField.h; sourceTree = "<group>"; };
		3A8803CC182F0C5600EE0E52 /* MultipartMessageHeaderField.m */ = {isa = PBXFileReference; fileEncoding = 4; lastKnownFileType = sourcecode.c.objc; path = MultipartMessageHeaderField.m; sourceTree = "<group>"; };
		3A8803CE182F0C5600EE0E52 /* HTTPAsyncFileResponse.h */ = {isa = PBXFileReference; fileEncoding = 4; lastKnownFileType = sourcecode.c.h; path = HTTPAsyncFileResponse.h; sourceTree = "<group>"; };
		3A8803CF182F0C5600EE0E52 /* HTTPAsyncFileResponse.m */ = {isa = PBXFileReference; fileEncoding = 4; lastKnownFileType = sourcecode.c.objc; path = HTTPAsyncFileResponse.m; sourceTree = "<group>"; };
		3A8803D0182F0C5600EE0E52 /* HTTPDataResponse.h */ = {isa = PBXFileReference; fileEncoding = 4; lastKnownFileType = sourcecode.c.h; path = HTTPDataResponse.h; sourceTree = "<group>"; };
		3A8803D1182F0C5600EE0E52 /* HTTPDataResponse.m */ = {isa = PBXFileReference; fileEncoding = 4; lastKnownFileType = sourcecode.c.objc; path = HTTPDataResponse.m; sourceTree = "<group>"; };
		3A8803D2182F0C5600EE0E52 /* HTTPDynamicFileResponse.h */ = {isa = PBXFileReference; fileEncoding = 4; lastKnownFileType = sourcecode.c.h; path = HTTPDynamicFileResponse.h; sourceTree = "<group>"; };
		3A8803D3182F0C5600EE0E52 /* HTTPDynamicFileResponse.m */ = {isa = PBXFileReference; fileEncoding = 4; lastKnownFileType = sourcecode.c.objc; path = HTTPDynamicFileResponse.m; sourceTree = "<group>"; };
		3A8803D4182F0C5600EE0E52 /* HTTPErrorResponse.h */ = {isa = PBXFileReference; fileEncoding = 4; lastKnownFileType = sourcecode.c.h; path = HTTPErrorResponse.h; sourceTree = "<group>"; };
		3A8803D5182F0C5600EE0E52 /* HTTPErrorResponse.m */ = {isa = PBXFileReference; fileEncoding = 4; lastKnownFileType = sourcecode.c.objc; path = HTTPErrorResponse.m; sourceTree = "<group>"; };
		3A8803D6182F0C5600EE0E52 /* HTTPFileResponse.h */ = {isa = PBXFileReference; fileEncoding = 4; lastKnownFileType = sourcecode.c.h; path = HTTPFileResponse.h; sourceTree = "<group>"; };
		3A8803D7182F0C5600EE0E52 /* HTTPFileResponse.m */ = {isa = PBXFileReference; fileEncoding = 4; lastKnownFileType = sourcecode.c.objc; path = HTTPFileResponse.m; sourceTree = "<group>"; };
		3A8803D8182F0C5600EE0E52 /* HTTPRedirectResponse.h */ = {isa = PBXFileReference; fileEncoding = 4; lastKnownFileType = sourcecode.c.h; path = HTTPRedirectResponse.h; sourceTree = "<group>"; };
		3A8803D9182F0C5600EE0E52 /* HTTPRedirectResponse.m */ = {isa = PBXFileReference; fileEncoding = 4; lastKnownFileType = sourcecode.c.objc; path = HTTPRedirectResponse.m; sourceTree = "<group>"; };
		3A8803DA182F0C5600EE0E52 /* WebSocket.h */ = {isa = PBXFileReference; fileEncoding = 4; lastKnownFileType = sourcecode.c.h; path = WebSocket.h; sourceTree = "<group>"; };
		3A8803DB182F0C5600EE0E52 /* WebSocket.m */ = {isa = PBXFileReference; fileEncoding = 4; lastKnownFileType = sourcecode.c.objc; path = WebSocket.m; sourceTree = "<group>"; };
		3A8803DD182F0C5600EE0E52 /* About.txt */ = {isa = PBXFileReference; fileEncoding = 4; lastKnownFileType = text; path = About.txt; sourceTree = "<group>"; };
		3A8803DE182F0C5600EE0E52 /* DDAbstractDatabaseLogger.h */ = {isa = PBXFileReference; fileEncoding = 4; lastKnownFileType = sourcecode.c.h; path = DDAbstractDatabaseLogger.h; sourceTree = "<group>"; };
		3A8803DF182F0C5600EE0E52 /* DDAbstractDatabaseLogger.m */ = {isa = PBXFileReference; fileEncoding = 4; lastKnownFileType = sourcecode.c.objc; path = DDAbstractDatabaseLogger.m; sourceTree = "<group>"; };
		3A8803E0182F0C5600EE0E52 /* DDASLLogger.h */ = {isa = PBXFileReference; fileEncoding = 4; lastKnownFileType = sourcecode.c.h; path = DDASLLogger.h; sourceTree = "<group>"; };
		3A8803E1182F0C5600EE0E52 /* DDASLLogger.m */ = {isa = PBXFileReference; fileEncoding = 4; lastKnownFileType = sourcecode.c.objc; path = DDASLLogger.m; sourceTree = "<group>"; };
		3A8803E2182F0C5600EE0E52 /* DDFileLogger.h */ = {isa = PBXFileReference; fileEncoding = 4; lastKnownFileType = sourcecode.c.h; path = DDFileLogger.h; sourceTree = "<group>"; };
		3A8803E3182F0C5600EE0E52 /* DDFileLogger.m */ = {isa = PBXFileReference; fileEncoding = 4; lastKnownFileType = sourcecode.c.objc; path = DDFileLogger.m; sourceTree = "<group>"; };
		3A8803E4182F0C5600EE0E52 /* DDLog.h */ = {isa = PBXFileReference; fileEncoding = 4; lastKnownFileType = sourcecode.c.h; path = DDLog.h; sourceTree = "<group>"; };
		3A8803E5182F0C5600EE0E52 /* DDLog.m */ = {isa = PBXFileReference; fileEncoding = 4; lastKnownFileType = sourcecode.c.objc; path = DDLog.m; sourceTree = "<group>"; };
		3A8803E6182F0C5600EE0E52 /* DDTTYLogger.h */ = {isa = PBXFileReference; fileEncoding = 4; lastKnownFileType = sourcecode.c.h; path = DDTTYLogger.h; sourceTree = "<group>"; };
		3A8803E7182F0C5600EE0E52 /* DDTTYLogger.m */ = {isa = PBXFileReference; fileEncoding = 4; lastKnownFileType = sourcecode.c.objc; path = DDTTYLogger.m; sourceTree = "<group>"; };
		3A8803E9182F0C5600EE0E52 /* ContextFilterLogFormatter.h */ = {isa = PBXFileReference; fileEncoding = 4; lastKnownFileType = sourcecode.c.h; path = ContextFilterLogFormatter.h; sourceTree = "<group>"; };
		3A8803EA182F0C5600EE0E52 /* ContextFilterLogFormatter.m */ = {isa = PBXFileReference; fileEncoding = 4; lastKnownFileType = sourcecode.c.objc; path = ContextFilterLogFormatter.m; sourceTree = "<group>"; };
		3A8803EB182F0C5600EE0E52 /* DispatchQueueLogFormatter.h */ = {isa = PBXFileReference; fileEncoding = 4; lastKnownFileType = sourcecode.c.h; path = DispatchQueueLogFormatter.h; sourceTree = "<group>"; };
		3A8803EC182F0C5600EE0E52 /* DispatchQueueLogFormatter.m */ = {isa = PBXFileReference; fileEncoding = 4; lastKnownFileType = sourcecode.c.objc; path = DispatchQueueLogFormatter.m; sourceTree = "<group>"; };
		3A8803ED182F0C5600EE0E52 /* README.txt */ = {isa = PBXFileReference; fileEncoding = 4; lastKnownFileType = text; path = README.txt; sourceTree = "<group>"; };
		3A88040A182F0C9800EE0E52 /* CFNetwork.framework */ = {isa = PBXFileReference; lastKnownFileType = wrapper.framework; name = CFNetwork.framework; path = System/Library/Frameworks/CFNetwork.framework; sourceTree = SDKROOT; };
		3A88040C182F0D2200EE0E52 /* Security.framework */ = {isa = PBXFileReference; lastKnownFileType = wrapper.framework; name = Security.framework; path = System/Library/Frameworks/Security.framework; sourceTree = SDKROOT; };
		3A88040E182F0F9700EE0E52 /* MyHTTPConnection.h */ = {isa = PBXFileReference; fileEncoding = 4; lastKnownFileType = sourcecode.c.h; path = MyHTTPConnection.h; sourceTree = "<group>"; };
		3A88040F182F0F9700EE0E52 /* MyHTTPConnection.m */ = {isa = PBXFileReference; fileEncoding = 4; lastKnownFileType = sourcecode.c.objc; path = MyHTTPConnection.m; sourceTree = "<group>"; };
		3A905F761830155A000E01A5 /* Media.xcassets */ = {isa = PBXFileReference; lastKnownFileType = folder.assetcatalog; path = Media.xcassets; sourceTree = "<group>"; };
		3AB888A4179A878E00D1BD1C /* pbl-capture.app */ = {isa = PBXFileReference; explicitFileType = wrapper.application; includeInIndex = 0; path = "pbl-capture.app"; sourceTree = BUILT_PRODUCTS_DIR; };
		3AB888A7179A878E00D1BD1C /* UIKit.framework */ = {isa = PBXFileReference; lastKnownFileType = wrapper.framework; name = UIKit.framework; path = System/Library/Frameworks/UIKit.framework; sourceTree = SDKROOT; };
		3AB888A9179A878E00D1BD1C /* Foundation.framework */ = {isa = PBXFileReference; lastKnownFileType = wrapper.framework; name = Foundation.framework; path = System/Library/Frameworks/Foundation.framework; sourceTree = SDKROOT; };
		3AB888AB179A878E00D1BD1C /* CoreGraphics.framework */ = {isa = PBXFileReference; lastKnownFileType = wrapper.framework; name = CoreGraphics.framework; path = System/Library/Frameworks/CoreGraphics.framework; sourceTree = SDKROOT; };
		3AB888AF179A878E00D1BD1C /* pbl-capture-Info.plist */ = {isa = PBXFileReference; lastKnownFileType = text.plist.xml; path = "pbl-capture-Info.plist"; sourceTree = "<group>"; };
		3AB888B1179A878E00D1BD1C /* en */ = {isa = PBXFileReference; lastKnownFileType = text.plist.strings; name = en; path = en.lproj/InfoPlist.strings; sourceTree = "<group>"; };
		3AB888B3179A878E00D1BD1C /* main.m */ = {isa = PBXFileReference; lastKnownFileType = sourcecode.c.objc; path = main.m; sourceTree = "<group>"; };
		3AB888B5179A878E00D1BD1C /* pbl-capture-Prefix.pch */ = {isa = PBXFileReference; lastKnownFileType = sourcecode.c.h; path = "pbl-capture-Prefix.pch"; sourceTree = "<group>"; };
		3AB888B6179A878E00D1BD1C /* AppDelegate.h */ = {isa = PBXFileReference; lastKnownFileType = sourcecode.c.h; path = AppDelegate.h; sourceTree = "<group>"; };
		3AB888B7179A878E00D1BD1C /* AppDelegate.m */ = {isa = PBXFileReference; lastKnownFileType = sourcecode.c.objc; path = AppDelegate.m; sourceTree = "<group>"; };
		3AB888B9179A878E00D1BD1C /* Default.png */ = {isa = PBXFileReference; lastKnownFileType = image.png; path = Default.png; sourceTree = "<group>"; };
		3AB888BB179A878E00D1BD1C /* Default@2x.png */ = {isa = PBXFileReference; lastKnownFileType = image.png; path = "Default@2x.png"; sourceTree = "<group>"; };
		3AB888BD179A878E00D1BD1C /* Default-568h@2x.png */ = {isa = PBXFileReference; lastKnownFileType = image.png; path = "Default-568h@2x.png"; sourceTree = "<group>"; };
		3AB888BF179A878E00D1BD1C /* ViewController.h */ = {isa = PBXFileReference; lastKnownFileType = sourcecode.c.h; path = ViewController.h; sourceTree = "<group>"; };
		3AB888C0179A878E00D1BD1C /* ViewController.m */ = {isa = PBXFileReference; lastKnownFileType = sourcecode.c.objc; path = ViewController.m; sourceTree = "<group>"; };
		3AB888C3179A878E00D1BD1C /* en */ = {isa = PBXFileReference; lastKnownFileType = file.xib; name = en; path = en.lproj/ViewController.xib; sourceTree = "<group>"; };
		3AB888D2179A8BC300D1BD1C /* libz.dylib */ = {isa = PBXFileReference; lastKnownFileType = "compiled.mach-o.dylib"; name = libz.dylib; path = usr/lib/libz.dylib; sourceTree = SDKROOT; };
		3AB888DA179AC0DC00D1BD1C /* pebble_watchblack.png */ = {isa = PBXFileReference; lastKnownFileType = image.png; path = pebble_watchblack.png; sourceTree = "<group>"; };
/* End PBXFileReference section */

/* Begin PBXFrameworksBuildPhase section */
		3AB888A1179A878E00D1BD1C /* Frameworks */ = {
			isa = PBXFrameworksBuildPhase;
			buildActionMask = 2147483647;
			files = (
				3A88040D182F0D2200EE0E52 /* Security.framework in Frameworks */,
				3A88040B182F0C9800EE0E52 /* CFNetwork.framework in Frameworks */,
				3AB888D3179A8BC300D1BD1C /* libz.dylib in Frameworks */,
				3AB888A8179A878E00D1BD1C /* UIKit.framework in Frameworks */,
				3AB888AA179A878E00D1BD1C /* Foundation.framework in Frameworks */,
				3AB888AC179A878E00D1BD1C /* CoreGraphics.framework in Frameworks */,
			);
			runOnlyForDeploymentPostprocessing = 0;
		};
/* End PBXFrameworksBuildPhase section */

/* Begin PBXGroup section */
		3A8803AF182F0C3B00EE0E52 /* ThirdParty */ = {
			isa = PBXGroup;
			children = (
				3A8803B0182F0C5600EE0E52 /* CocoaAsyncSocket */,
				3A8803B4182F0C5600EE0E52 /* CocoaHTTPServer */,
				3A8803DC182F0C5600EE0E52 /* CocoaLumberjack */,
			);
			name = ThirdParty;
			sourceTree = "<group>";
		};
		3A8803B0182F0C5600EE0E52 /* CocoaAsyncSocket */ = {
			isa = PBXGroup;
			children = (
				3A8803B1182F0C5600EE0E52 /* About.txt */,
				3A8803B2182F0C5600EE0E52 /* GCDAsyncSocket.h */,
				3A8803B3182F0C5600EE0E52 /* GCDAsyncSocket.m */,
			);
			name = CocoaAsyncSocket;
			path = ThirdParty/CocoaAsyncSocket;
			sourceTree = SOURCE_ROOT;
		};
		3A8803B4182F0C5600EE0E52 /* CocoaHTTPServer */ = {
			isa = PBXGroup;
			children = (
				3A8803B5182F0C5600EE0E52 /* Categories */,
				3A8803BC182F0C5600EE0E52 /* HTTPAuthenticationRequest.h */,
				3A8803BD182F0C5600EE0E52 /* HTTPAuthenticationRequest.m */,
				3A8803BE182F0C5600EE0E52 /* HTTPConnection.h */,
				3A8803BF182F0C5600EE0E52 /* HTTPConnection.m */,
				3A8803C0182F0C5600EE0E52 /* HTTPLogging.h */,
				3A8803C1182F0C5600EE0E52 /* HTTPMessage.h */,
				3A8803C2182F0C5600EE0E52 /* HTTPMessage.m */,
				3A8803C3182F0C5600EE0E52 /* HTTPResponse.h */,
				3A8803C4182F0C5600EE0E52 /* HTTPServer.h */,
				3A8803C5182F0C5600EE0E52 /* HTTPServer.m */,
				3A8803C6182F0C5600EE0E52 /* Mime */,
				3A8803CD182F0C5600EE0E52 /* Responses */,
				3A8803DA182F0C5600EE0E52 /* WebSocket.h */,
				3A8803DB182F0C5600EE0E52 /* WebSocket.m */,
			);
			name = CocoaHTTPServer;
			path = ThirdParty/CocoaHTTPServer;
			sourceTree = SOURCE_ROOT;
		};
		3A8803B5182F0C5600EE0E52 /* Categories */ = {
			isa = PBXGroup;
			children = (
				3A8803B6182F0C5600EE0E52 /* DDData.h */,
				3A8803B7182F0C5600EE0E52 /* DDData.m */,
				3A8803B8182F0C5600EE0E52 /* DDNumber.h */,
				3A8803B9182F0C5600EE0E52 /* DDNumber.m */,
				3A8803BA182F0C5600EE0E52 /* DDRange.h */,
				3A8803BB182F0C5600EE0E52 /* DDRange.m */,
			);
			path = Categories;
			sourceTree = "<group>";
		};
		3A8803C6182F0C5600EE0E52 /* Mime */ = {
			isa = PBXGroup;
			children = (
				3A8803C7182F0C5600EE0E52 /* MultipartFormDataParser.h */,
				3A8803C8182F0C5600EE0E52 /* MultipartFormDataParser.m */,
				3A8803C9182F0C5600EE0E52 /* MultipartMessageHeader.h */,
				3A8803CA182F0C5600EE0E52 /* MultipartMessageHeader.m */,
				3A8803CB182F0C5600EE0E52 /* MultipartMessageHeaderField.h */,
				3A8803CC182F0C5600EE0E52 /* MultipartMessageHeaderField.m */,
			);
			path = Mime;
			sourceTree = "<group>";
		};
		3A8803CD182F0C5600EE0E52 /* Responses */ = {
			isa = PBXGroup;
			children = (
				3A8803CE182F0C5600EE0E52 /* HTTPAsyncFileResponse.h */,
				3A8803CF182F0C5600EE0E52 /* HTTPAsyncFileResponse.m */,
				3A8803D0182F0C5600EE0E52 /* HTTPDataResponse.h */,
				3A8803D1182F0C5600EE0E52 /* HTTPDataResponse.m */,
				3A8803D2182F0C5600EE0E52 /* HTTPDynamicFileResponse.h */,
				3A8803D3182F0C5600EE0E52 /* HTTPDynamicFileResponse.m */,
				3A8803D4182F0C5600EE0E52 /* HTTPErrorResponse.h */,
				3A8803D5182F0C5600EE0E52 /* HTTPErrorResponse.m */,
				3A8803D6182F0C5600EE0E52 /* HTTPFileResponse.h */,
				3A8803D7182F0C5600EE0E52 /* HTTPFileResponse.m */,
				3A8803D8182F0C5600EE0E52 /* HTTPRedirectResponse.h */,
				3A8803D9182F0C5600EE0E52 /* HTTPRedirectResponse.m */,
			);
			path = Responses;
			sourceTree = "<group>";
		};
		3A8803DC182F0C5600EE0E52 /* CocoaLumberjack */ = {
			isa = PBXGroup;
			children = (
				3A8803DD182F0C5600EE0E52 /* About.txt */,
				3A8803DE182F0C5600EE0E52 /* DDAbstractDatabaseLogger.h */,
				3A8803DF182F0C5600EE0E52 /* DDAbstractDatabaseLogger.m */,
				3A8803E0182F0C5600EE0E52 /* DDASLLogger.h */,
				3A8803E1182F0C5600EE0E52 /* DDASLLogger.m */,
				3A8803E2182F0C5600EE0E52 /* DDFileLogger.h */,
				3A8803E3182F0C5600EE0E52 /* DDFileLogger.m */,
				3A8803E4182F0C5600EE0E52 /* DDLog.h */,
				3A8803E5182F0C5600EE0E52 /* DDLog.m */,
				3A8803E6182F0C5600EE0E52 /* DDTTYLogger.h */,
				3A8803E7182F0C5600EE0E52 /* DDTTYLogger.m */,
				3A8803E8182F0C5600EE0E52 /* Extensions */,
			);
			name = CocoaLumberjack;
			path = ThirdParty/CocoaLumberjack;
			sourceTree = SOURCE_ROOT;
		};
		3A8803E8182F0C5600EE0E52 /* Extensions */ = {
			isa = PBXGroup;
			children = (
				3A8803E9182F0C5600EE0E52 /* ContextFilterLogFormatter.h */,
				3A8803EA182F0C5600EE0E52 /* ContextFilterLogFormatter.m */,
				3A8803EB182F0C5600EE0E52 /* DispatchQueueLogFormatter.h */,
				3A8803EC182F0C5600EE0E52 /* DispatchQueueLogFormatter.m */,
				3A8803ED182F0C5600EE0E52 /* README.txt */,
			);
			path = Extensions;
			sourceTree = "<group>";
		};
		3AB8889B179A878E00D1BD1C = {
			isa = PBXGroup;
			children = (
				3AB888AD179A878E00D1BD1C /* pbl-capture */,
				3AB888A6179A878E00D1BD1C /* Frameworks */,
				3AB888A5179A878E00D1BD1C /* Products */,
			);
			sourceTree = "<group>";
		};
		3AB888A5179A878E00D1BD1C /* Products */ = {
			isa = PBXGroup;
			children = (
				3AB888A4179A878E00D1BD1C /* pbl-capture.app */,
			);
			name = Products;
			sourceTree = "<group>";
		};
		3AB888A6179A878E00D1BD1C /* Frameworks */ = {
			isa = PBXGroup;
			children = (
				3A88040C182F0D2200EE0E52 /* Security.framework */,
				3A88040A182F0C9800EE0E52 /* CFNetwork.framework */,
				3AB888A7179A878E00D1BD1C /* UIKit.framework */,
				3AB888A9179A878E00D1BD1C /* Foundation.framework */,
				3AB888AB179A878E00D1BD1C /* CoreGraphics.framework */,
				3AB888D2179A8BC300D1BD1C /* libz.dylib */,
			);
			name = Frameworks;
			sourceTree = "<group>";
		};
		3AB888AD179A878E00D1BD1C /* pbl-capture */ = {
			isa = PBXGroup;
			children = (
				3A88040E182F0F9700EE0E52 /* MyHTTPConnection.h */,
				3A88040F182F0F9700EE0E52 /* MyHTTPConnection.m */,
				3AB888B6179A878E00D1BD1C /* AppDelegate.h */,
				3AB888B7179A878E00D1BD1C /* AppDelegate.m */,
				3AB888BF179A878E00D1BD1C /* ViewController.h */,
				3AB888C0179A878E00D1BD1C /* ViewController.m */,
				3AB888C2179A878E00D1BD1C /* ViewController.xib */,
				3AB888DA179AC0DC00D1BD1C /* pebble_watchblack.png */,
				3A8803AF182F0C3B00EE0E52 /* ThirdParty */,
				3AB888AE179A878E00D1BD1C /* Supporting Files */,
				3A905F761830155A000E01A5 /* Media.xcassets */,
			);
			path = "pbl-capture";
			sourceTree = "<group>";
		};
		3AB888AE179A878E00D1BD1C /* Supporting Files */ = {
			isa = PBXGroup;
			children = (
				3AB888AF179A878E00D1BD1C /* pbl-capture-Info.plist */,
				3AB888B0179A878E00D1BD1C /* InfoPlist.strings */,
				3AB888B3179A878E00D1BD1C /* main.m */,
				3AB888B5179A878E00D1BD1C /* pbl-capture-Prefix.pch */,
				3AB888B9179A878E00D1BD1C /* Default.png */,
				3AB888BB179A878E00D1BD1C /* Default@2x.png */,
				3AB888BD179A878E00D1BD1C /* Default-568h@2x.png */,
			);
			name = "Supporting Files";
			sourceTree = "<group>";
		};
/* End PBXGroup section */

/* Begin PBXNativeTarget section */
		3AB888A3179A878E00D1BD1C /* pbl-capture */ = {
			isa = PBXNativeTarget;
			buildConfigurationList = 3AB888C7179A878E00D1BD1C /* Build configuration list for PBXNativeTarget "pbl-capture" */;
			buildPhases = (
				3AB888A0179A878E00D1BD1C /* Sources */,
				3AB888A1179A878E00D1BD1C /* Frameworks */,
				3AB888A2179A878E00D1BD1C /* Resources */,
			);
			buildRules = (
			);
			dependencies = (
			);
			name = "pbl-capture";
			productName = "pbl-capture";
			productReference = 3AB888A4179A878E00D1BD1C /* pbl-capture.app */;
			productType = "com.apple.product-type.application";
		};
/* End PBXNativeTarget section */

/* Begin PBXProject section */
		3AB8889C179A878E00D1BD1C /* Project object */ = {
			isa = PBXProject;
			attributes = {
				LastUpgradeCheck = 0460;
				ORGANIZATIONNAME = "Memention AB";
			};
			buildConfigurationList = 3AB8889F179A878E00D1BD1C /* Build configuration list for PBXProject "pbl-capture" */;
			compatibilityVersion = "Xcode 3.2";
			developmentRegion = English;
			hasScannedForEncodings = 0;
			knownRegions = (
				en,
			);
			mainGroup = 3AB8889B179A878E00D1BD1C;
			productRefGroup = 3AB888A5179A878E00D1BD1C /* Products */;
			projectDirPath = "";
			projectRoot = "";
			targets = (
				3AB888A3179A878E00D1BD1C /* pbl-capture */,
			);
		};
/* End PBXProject section */

/* Begin PBXResourcesBuildPhase section */
		3AB888A2179A878E00D1BD1C /* Resources */ = {
			isa = PBXResourcesBuildPhase;
			buildActionMask = 2147483647;
			files = (
				3AB888B2179A878E00D1BD1C /* InfoPlist.strings in Resources */,
				3A880409182F0C5600EE0E52 /* README.txt in Resources */,
				3AB888BA179A878E00D1BD1C /* Default.png in Resources */,
				3AB888BC179A878E00D1BD1C /* Default@2x.png in Resources */,
				3AB888BE179A878E00D1BD1C /* Default-568h@2x.png in Resources */,
				3AB888C4179A878E00D1BD1C /* ViewController.xib in Resources */,
				3A905F771830155A000E01A5 /* Media.xcassets in Resources */,
				3AB888DB179AC0DC00D1BD1C /* pebble_watchblack.png in Resources */,
			);
			runOnlyForDeploymentPostprocessing = 0;
		};
/* End PBXResourcesBuildPhase section */

/* Begin PBXSourcesBuildPhase section */
		3AB888A0179A878E00D1BD1C /* Sources */ = {
			isa = PBXSourcesBuildPhase;
			buildActionMask = 2147483647;
			files = (
				3A905F72182FD97D000E01A5 /* DDLog.m in Sources */,
				3A8803EF182F0C5600EE0E52 /* GCDAsyncSocket.m in Sources */,
				3A880410182F0F9700EE0E52 /* MyHTTPConnection.m in Sources */,
				3A8803FD182F0C5600EE0E52 /* HTTPErrorResponse.m in Sources */,
				3A8803F4182F0C5600EE0E52 /* HTTPConnection.m in Sources */,
				3AB888B4179A878E00D1BD1C /* main.m in Sources */,
				3A905F73182FD980000E01A5 /* DDTTYLogger.m in Sources */,
				3A8803F2182F0C5600EE0E52 /* DDRange.m in Sources */,
				3A8803F8182F0C5600EE0E52 /* MultipartMessageHeader.m in Sources */,
				3A905F71182FD97A000E01A5 /* DDFileLogger.m in Sources */,
				3A8803FC182F0C5600EE0E52 /* HTTPDynamicFileResponse.m in Sources */,
				3A8803FA182F0C5600EE0E52 /* HTTPAsyncFileResponse.m in Sources */,
				3A8803FB182F0C5600EE0E52 /* HTTPDataResponse.m in Sources */,
				3A905F70182FD974000E01A5 /* DDASLLogger.m in Sources */,
				3A8803F6182F0C5600EE0E52 /* HTTPServer.m in Sources */,
				3A8803F1182F0C5600EE0E52 /* DDNumber.m in Sources */,
				3AB888B8179A878E00D1BD1C /* AppDelegate.m in Sources */,
				3A8803F9182F0C5600EE0E52 /* MultipartMessageHeaderField.m in Sources */,
				3A8803F0182F0C5600EE0E52 /* DDData.m in Sources */,
				3A880402182F0C5600EE0E52 /* DDAbstractDatabaseLogger.m in Sources */,
				3A8803F5182F0C5600EE0E52 /* HTTPMessage.m in Sources */,
				3A8803F7182F0C5600EE0E52 /* MultipartFormDataParser.m in Sources */,
				3AB888C1179A878E00D1BD1C /* ViewController.m in Sources */,
				3A880400182F0C5600EE0E52 /* WebSocket.m in Sources */,
				3A8803FE182F0C5600EE0E52 /* HTTPFileResponse.m in Sources */,
				3A8803FF182F0C5600EE0E52 /* HTTPRedirectResponse.m in Sources */,
				3A880408182F0C5600EE0E52 /* DispatchQueueLogFormatter.m in Sources */,
				3A8803F3182F0C5600EE0E52 /* HTTPAuthenticationRequest.m in Sources */,
				3A880407182F0C5600EE0E52 /* ContextFilterLogFormatter.m in Sources */,
			);
			runOnlyForDeploymentPostprocessing = 0;
		};
/* End PBXSourcesBuildPhase section */

/* Begin PBXVariantGroup section */
		3AB888B0179A878E00D1BD1C /* InfoPlist.strings */ = {
			isa = PBXVariantGroup;
			children = (
				3AB888B1179A878E00D1BD1C /* en */,
			);
			name = InfoPlist.strings;
			sourceTree = "<group>";
		};
		3AB888C2179A878E00D1BD1C /* ViewController.xib */ = {
			isa = PBXVariantGroup;
			children = (
				3AB888C3179A878E00D1BD1C /* en */,
			);
			name = ViewController.xib;
			sourceTree = "<group>";
		};
/* End PBXVariantGroup section */

/* Begin XCBuildConfiguration section */
		3AB888C5179A878E00D1BD1C /* Debug */ = {
			isa = XCBuildConfiguration;
			buildSettings = {
				ALWAYS_SEARCH_USER_PATHS = NO;
				CLANG_CXX_LANGUAGE_STANDARD = "gnu++0x";
				CLANG_CXX_LIBRARY = "libc++";
				CLANG_ENABLE_OBJC_ARC = YES;
				CLANG_WARN_CONSTANT_CONVERSION = YES;
				CLANG_WARN_EMPTY_BODY = YES;
				CLANG_WARN_ENUM_CONVERSION = YES;
				CLANG_WARN_INT_CONVERSION = YES;
				CLANG_WARN__DUPLICATE_METHOD_MATCH = YES;
				"CODE_SIGN_IDENTITY[sdk=iphoneos*]" = "iPhone Developer";
				COPY_PHASE_STRIP = NO;
				GCC_C_LANGUAGE_STANDARD = gnu99;
				GCC_DYNAMIC_NO_PIC = NO;
				GCC_OPTIMIZATION_LEVEL = 0;
				GCC_PREPROCESSOR_DEFINITIONS = (
					"DEBUG=1",
					"$(inherited)",
				);
				GCC_SYMBOLS_PRIVATE_EXTERN = NO;
				GCC_WARN_ABOUT_RETURN_TYPE = YES;
				GCC_WARN_UNINITIALIZED_AUTOS = YES;
				GCC_WARN_UNUSED_VARIABLE = YES;
				IPHONEOS_DEPLOYMENT_TARGET = 6.1;
				ONLY_ACTIVE_ARCH = YES;
				OTHER_LDFLAGS = "-ObjC";
				SDKROOT = iphoneos;
			};
			name = Debug;
		};
		3AB888C6179A878E00D1BD1C /* Release */ = {
			isa = XCBuildConfiguration;
			buildSettings = {
				ALWAYS_SEARCH_USER_PATHS = NO;
				CLANG_CXX_LANGUAGE_STANDARD = "gnu++0x";
				CLANG_CXX_LIBRARY = "libc++";
				CLANG_ENABLE_OBJC_ARC = YES;
				CLANG_WARN_CONSTANT_CONVERSION = YES;
				CLANG_WARN_EMPTY_BODY = YES;
				CLANG_WARN_ENUM_CONVERSION = YES;
				CLANG_WARN_INT_CONVERSION = YES;
				CLANG_WARN__DUPLICATE_METHOD_MATCH = YES;
				"CODE_SIGN_IDENTITY[sdk=iphoneos*]" = "iPhone Developer";
				COPY_PHASE_STRIP = YES;
				GCC_C_LANGUAGE_STANDARD = gnu99;
				GCC_WARN_ABOUT_RETURN_TYPE = YES;
				GCC_WARN_UNINITIALIZED_AUTOS = YES;
				GCC_WARN_UNUSED_VARIABLE = YES;
				IPHONEOS_DEPLOYMENT_TARGET = 6.1;
				OTHER_CFLAGS = "-DNS_BLOCK_ASSERTIONS=1";
				OTHER_LDFLAGS = "-ObjC";
				SDKROOT = iphoneos;
				VALIDATE_PRODUCT = YES;
			};
			name = Release;
		};
		3AB888C8179A878E00D1BD1C /* Debug */ = {
			isa = XCBuildConfiguration;
			buildSettings = {
				ASSETCATALOG_COMPILER_APPICON_NAME = AppIcon;
				ASSETCATALOG_COMPILER_LAUNCHIMAGE_NAME = LaunchImage;
				FRAMEWORK_SEARCH_PATHS = (
					"$(inherited)",
					"\"$(SRCROOT)\"",
				);
				GCC_PRECOMPILE_PREFIX_HEADER = YES;
				GCC_PREFIX_HEADER = "pbl-capture/pbl-capture-Prefix.pch";
				INFOPLIST_FILE = "pbl-capture/pbl-capture-Info.plist";
				PRODUCT_NAME = "$(TARGET_NAME)";
				WRAPPER_EXTENSION = app;
			};
			name = Debug;
		};
		3AB888C9179A878E00D1BD1C /* Release */ = {
			isa = XCBuildConfiguration;
			buildSettings = {
				ASSETCATALOG_COMPILER_APPICON_NAME = AppIcon;
				ASSETCATALOG_COMPILER_LAUNCHIMAGE_NAME = LaunchImage;
				FRAMEWORK_SEARCH_PATHS = (
					"$(inherited)",
					"\"$(SRCROOT)\"",
				);
				GCC_PRECOMPILE_PREFIX_HEADER = YES;
				GCC_PREFIX_HEADER = "pbl-capture/pbl-capture-Prefix.pch";
				INFOPLIST_FILE = "pbl-capture/pbl-capture-Info.plist";
				PRODUCT_NAME = "$(TARGET_NAME)";
				WRAPPER_EXTENSION = app;
			};
			name = Release;
		};
/* End XCBuildConfiguration section */

/* Begin XCConfigurationList section */
		3AB8889F179A878E00D1BD1C /* Build configuration list for PBXProject "pbl-capture" */ = {
			isa = XCConfigurationList;
			buildConfigurations = (
				3AB888C5179A878E00D1BD1C /* Debug */,
				3AB888C6179A878E00D1BD1C /* Release */,
			);
			defaultConfigurationIsVisible = 0;
			defaultConfigurationName = Release;
		};
		3AB888C7179A878E00D1BD1C /* Build configuration list for PBXNativeTarget "pbl-capture" */ = {
			isa = XCConfigurationList;
			buildConfigurations = (
				3AB888C8179A878E00D1BD1C /* Debug */,
				3AB888C9179A878E00D1BD1C /* Release */,
			);
			defaultConfigurationIsVisible = 0;
			defaultConfigurationName = Release;
		};
/* End XCConfigurationList section */
	};
	rootObject = 3AB8889C179A878E00D1BD1C /* Project object */;
}
